
Microsoft Visual Studio Solution File, Format Version 12.00
# Visual Studio Version 16
VisualStudioVersion = 16.0.30309.148
MinimumVisualStudioVersion = 10.0.40219.1
Project("{FAE04EC0-301F-11D3-BF4B-00C04F79EFBC}") = "Meotxe Davaleba", "Meotxe Davaleba\Meotxe Davaleba.csproj", "{6DD7F8DF-8791-40D9-BBBE-4CD3A4F862B4}"
EndProject
Global
	GlobalSection(SolutionConfigurationPlatforms) = preSolution
		Debug|Any CPU = Debug|Any CPU
		Release|Any CPU = Release|Any CPU
	EndGlobalSection
	GlobalSection(ProjectConfigurationPlatforms) = postSolution
		{6DD7F8DF-8791-40D9-BBBE-4CD3A4F862B4}.Debug|Any CPU.ActiveCfg = Debug|Any CPU
		{6DD7F8DF-8791-40D9-BBBE-4CD3A4F862B4}.Debug|Any CPU.Build.0 = Debug|Any CPU
		{6DD7F8DF-8791-40D9-BBBE-4CD3A4F862B4}.Release|Any CPU.ActiveCfg = Release|Any CPU
		{6DD7F8DF-8791-40D9-BBBE-4CD3A4F862B4}.Release|Any CPU.Build.0 = Release|Any CPU
	EndGlobalSection
	GlobalSection(SolutionProperties) = preSolution
		HideSolutionNode = FALSE
	EndGlobalSection
	GlobalSection(ExtensibilityGlobals) = postSolution
		SolutionGuid = {64315164-7DEB-4473-B7CC-882EC796BB16}
	EndGlobalSection
EndGlobal
